
Microsoft Visual Studio Solution File, Format Version 12.00
# Visual Studio 14
VisualStudioVersion = 14.0.25420.1
MinimumVisualStudioVersion = 10.0.40219.1
Project("{FAE04EC0-301F-11D3-BF4B-00C04F79EFBC}") = "WebPortal.UI.Web", "WebPortal.UI.Web\WebPortal.UI.Web.csproj", "{88FFFA7F-01B4-46AC-B0D1-B766ACAB8E53}"
EndProject
Project("{FAE04EC0-301F-11D3-BF4B-00C04F79EFBC}") = "WebPortal.UI.Web.Tests", "WebPortal.UI.Web.Tests\WebPortal.UI.Web.Tests.csproj", "{86C0D9CA-31EE-41C6-A4EA-95507D5D8D32}"
EndProject
Project("{FAE04EC0-301F-11D3-BF4B-00C04F79EFBC}") = "WebPortal.Business.Entities", "WebPortal.Business.Entities\WebPortal.Business.Entities.csproj", "{4C52147F-7680-40CE-9E58-86FCB51759A8}"
EndProject
Project("{FAE04EC0-301F-11D3-BF4B-00C04F79EFBC}") = "WebPortal.Business.Operations", "WebPortal.Business.Operations\WebPortal.Business.Operations.csproj", "{F67B2755-6F04-49AB-A1A5-94633C75B832}"
EndProject
Project("{FAE04EC0-301F-11D3-BF4B-00C04F79EFBC}") = "WebPortal.Common.Utilities", "WebPortal.Common.Utilities\WebPortal.Common.Utilities.csproj", "{68D3F5EE-B9BA-44BF-AD9B-0C5D5C13EF88}"
EndProject
Global
	GlobalSection(SolutionConfigurationPlatforms) = preSolution
		Debug|Any CPU = Debug|Any CPU
		Release|Any CPU = Release|Any CPU
	EndGlobalSection
	GlobalSection(ProjectConfigurationPlatforms) = postSolution
		{88FFFA7F-01B4-46AC-B0D1-B766ACAB8E53}.Debug|Any CPU.ActiveCfg = Debug|Any CPU
		{88FFFA7F-01B4-46AC-B0D1-B766ACAB8E53}.Debug|Any CPU.Build.0 = Debug|Any CPU
		{88FFFA7F-01B4-46AC-B0D1-B766ACAB8E53}.Release|Any CPU.ActiveCfg = Release|Any CPU
		{88FFFA7F-01B4-46AC-B0D1-B766ACAB8E53}.Release|Any CPU.Build.0 = Release|Any CPU
		{86C0D9CA-31EE-41C6-A4EA-95507D5D8D32}.Debug|Any CPU.ActiveCfg = Debug|Any CPU
		{86C0D9CA-31EE-41C6-A4EA-95507D5D8D32}.Debug|Any CPU.Build.0 = Debug|Any CPU
		{86C0D9CA-31EE-41C6-A4EA-95507D5D8D32}.Release|Any CPU.ActiveCfg = Release|Any CPU
		{86C0D9CA-31EE-41C6-A4EA-95507D5D8D32}.Release|Any CPU.Build.0 = Release|Any CPU
		{4C52147F-7680-40CE-9E58-86FCB51759A8}.Debug|Any CPU.ActiveCfg = Debug|Any CPU
		{4C52147F-7680-40CE-9E58-86FCB51759A8}.Debug|Any CPU.Build.0 = Debug|Any CPU
		{4C52147F-7680-40CE-9E58-86FCB51759A8}.Release|Any CPU.ActiveCfg = Release|Any CPU
		{4C52147F-7680-40CE-9E58-86FCB51759A8}.Release|Any CPU.Build.0 = Release|Any CPU
		{F67B2755-6F04-49AB-A1A5-94633C75B832}.Debug|Any CPU.ActiveCfg = Debug|Any CPU
		{F67B2755-6F04-49AB-A1A5-94633C75B832}.Debug|Any CPU.Build.0 = Debug|Any CPU
		{F67B2755-6F04-49AB-A1A5-94633C75B832}.Release|Any CPU.ActiveCfg = Release|Any CPU
		{F67B2755-6F04-49AB-A1A5-94633C75B832}.Release|Any CPU.Build.0 = Release|Any CPU
		{68D3F5EE-B9BA-44BF-AD9B-0C5D5C13EF88}.Debug|Any CPU.ActiveCfg = Debug|Any CPU
		{68D3F5EE-B9BA-44BF-AD9B-0C5D5C13EF88}.Debug|Any CPU.Build.0 = Debug|Any CPU
		{68D3F5EE-B9BA-44BF-AD9B-0C5D5C13EF88}.Release|Any CPU.ActiveCfg = Release|Any CPU
		{68D3F5EE-B9BA-44BF-AD9B-0C5D5C13EF88}.Release|Any CPU.Build.0 = Release|Any CPU
	EndGlobalSection
	GlobalSection(SolutionProperties) = preSolution
		HideSolutionNode = FALSE
	EndGlobalSection
EndGlobal
